
Microsoft Visual Studio Solution File, Format Version 12.00
# Visual Studio Version 16
VisualStudioVersion = 16.0.30413.136
MinimumVisualStudioVersion = 10.0.40219.1
Project("{F184B08F-C81C-45F6-A57F-5ABD9991F28F}") = "RunningTotal", "RunningTotal\RunningTotal.vbproj", "{44088B90-F48E-49A0-BEB6-D828046C71E2}"
EndProject
Global
	GlobalSection(SolutionConfigurationPlatforms) = preSolution
		Debug|Any CPU = Debug|Any CPU
		Release|Any CPU = Release|Any CPU
	EndGlobalSection
	GlobalSection(ProjectConfigurationPlatforms) = postSolution
		{44088B90-F48E-49A0-BEB6-D828046C71E2}.Debug|Any CPU.ActiveCfg = Debug|Any CPU
		{44088B90-F48E-49A0-BEB6-D828046C71E2}.Debug|Any CPU.Build.0 = Debug|Any CPU
		{44088B90-F48E-49A0-BEB6-D828046C71E2}.Release|Any CPU.ActiveCfg = Release|Any CPU
		{44088B90-F48E-49A0-BEB6-D828046C71E2}.Release|Any CPU.Build.0 = Release|Any CPU
	EndGlobalSection
	GlobalSection(SolutionProperties) = preSolution
		HideSolutionNode = FALSE
	EndGlobalSection
	GlobalSection(ExtensibilityGlobals) = postSolution
		SolutionGuid = {A12A980D-0470-4CEB-8F3D-C8995995CCAC}
	EndGlobalSection
EndGlobal
